
Microsoft Visual Studio Solution File, Format Version 12.00
# Visual Studio Version 17
VisualStudioVersion = 17.7.34024.191
MinimumVisualStudioVersion = 10.0.40219.1
Project("{FAE04EC0-301F-11D3-BF4B-00C04F79EFBC}") = "MvcCongresoTIC", "MvcCongresoTIC.csproj", "{060070F2-74AE-405D-A4C1-CA394FCFB318}"
EndProject
Global
	GlobalSection(SolutionConfigurationPlatforms) = preSolution
		Debug|Any CPU = Debug|Any CPU
		Release|Any CPU = Release|Any CPU
	EndGlobalSection
	GlobalSection(ProjectConfigurationPlatforms) = postSolution
		{060070F2-74AE-405D-A4C1-CA394FCFB318}.Debug|Any CPU.ActiveCfg = Debug|Any CPU
		{060070F2-74AE-405D-A4C1-CA394FCFB318}.Debug|Any CPU.Build.0 = Debug|Any CPU
		{060070F2-74AE-405D-A4C1-CA394FCFB318}.Release|Any CPU.ActiveCfg = Release|Any CPU
		{060070F2-74AE-405D-A4C1-CA394FCFB318}.Release|Any CPU.Build.0 = Release|Any CPU
	EndGlobalSection
	GlobalSection(SolutionProperties) = preSolution
		HideSolutionNode = FALSE
	EndGlobalSection
	GlobalSection(ExtensibilityGlobals) = postSolution
		SolutionGuid = {44AFC3BB-FE2A-47FE-A18F-B404F46EBB2E}
	EndGlobalSection
EndGlobal
